
Microsoft Visual Studio Solution File, Format Version 12.00
Project("{2150E333-8FDC-42A3-9474-1A3956D46DE8}") = "Solution Items", "Solution Items", "{5B49BB76-2B2B-4F96-B3FA-7DDD94D4A63A}"
	ProjectSection(SolutionItems) = preProject
		README.md = README.md
		global.json = global.json
		.gitignore = .gitignore
	EndProjectSection
EndProject
Project("{2150E333-8FDC-42A3-9474-1A3956D46DE8}") = "src", "src", "{12B1A07B-470C-4214-BB78-1532533BDB49}"
EndProject
Project("{2150E333-8FDC-42A3-9474-1A3956D46DE8}") = "Business", "Business", "{A6E04E1E-D107-48CF-845C-A3C297835D0D}"
EndProject
Project("{2150E333-8FDC-42A3-9474-1A3956D46DE8}") = "Projects", "Projects", "{D519EE21-C032-4B54-8624-F6867795CA31}"
EndProject
Project("{2150E333-8FDC-42A3-9474-1A3956D46DE8}") = "Shared", "Shared", "{C5F2CADC-7ED0-41FB-87CB-AF7D805A3C75}"
EndProject
Project("{2150E333-8FDC-42A3-9474-1A3956D46DE8}") = "Domain", "Domain", "{F1E3FCDB-C65D-4538-90A3-B1B0D61F232A}"
EndProject
Project("{FAE04EC0-301F-11D3-BF4B-00C04F79EFBC}") = "eCommerce.Model", "src\Business\eCommerce.Model\eCommerce.Model.csproj", "{E2734A5B-772E-4D48-95F9-EBA47D8AEE73}"
EndProject
Project("{FAE04EC0-301F-11D3-BF4B-00C04F79EFBC}") = "eCommerce.Service", "src\Business\eCommerce.Service\eCommerce.Service.csproj", "{947CEF07-4079-42BD-A817-683AA04F0D5C}"
EndProject
Project("{FAE04EC0-301F-11D3-BF4B-00C04F79EFBC}") = "eCommerce.Domain", "src\Domain\eCommerce.Domain\eCommerce.Domain.csproj", "{4C72ED4C-F6D1-42EB-BD98-6261C1BD9F12}"
EndProject
Project("{FAE04EC0-301F-11D3-BF4B-00C04F79EFBC}") = "eCommerce.Infrastructure", "src\Domain\eCommerce.Infrastructure\eCommerce.Infrastructure.csproj", "{C9878580-4F56-4375-901F-64767B78C248}"
EndProject
Project("{FAE04EC0-301F-11D3-BF4B-00C04F79EFBC}") = "eCommerce.Database", "src\Domain\eCommerce.Database\eCommerce.Database.csproj", "{666D671C-BFC2-460D-9143-C17F130839F4}"
EndProject
Project("{FAE04EC0-301F-11D3-BF4B-00C04F79EFBC}") = "eCommerce.Shared", "src\Shared\eCommerce.Shared\eCommerce.Shared.csproj", "{48CBCB16-EC21-4593-924A-7AE642720965}"
EndProject
Project("{FAE04EC0-301F-11D3-BF4B-00C04F79EFBC}") = "eCommerce.WebAPI", "src\Projects\eCommerce.WebAPI\eCommerce.WebAPI.csproj", "{689A5F65-D060-47C4-A589-5BBD8AB567C2}"
EndProject
Global
	GlobalSection(SolutionConfigurationPlatforms) = preSolution
		Debug|Any CPU = Debug|Any CPU
		Release|Any CPU = Release|Any CPU
	EndGlobalSection
	GlobalSection(NestedProjects) = preSolution
		{A6E04E1E-D107-48CF-845C-A3C297835D0D} = {12B1A07B-470C-4214-BB78-1532533BDB49}
		{D519EE21-C032-4B54-8624-F6867795CA31} = {12B1A07B-470C-4214-BB78-1532533BDB49}
		{C5F2CADC-7ED0-41FB-87CB-AF7D805A3C75} = {12B1A07B-470C-4214-BB78-1532533BDB49}
		{F1E3FCDB-C65D-4538-90A3-B1B0D61F232A} = {12B1A07B-470C-4214-BB78-1532533BDB49}
		{E2734A5B-772E-4D48-95F9-EBA47D8AEE73} = {A6E04E1E-D107-48CF-845C-A3C297835D0D}
		{947CEF07-4079-42BD-A817-683AA04F0D5C} = {A6E04E1E-D107-48CF-845C-A3C297835D0D}
		{4C72ED4C-F6D1-42EB-BD98-6261C1BD9F12} = {F1E3FCDB-C65D-4538-90A3-B1B0D61F232A}
		{C9878580-4F56-4375-901F-64767B78C248} = {F1E3FCDB-C65D-4538-90A3-B1B0D61F232A}
		{666D671C-BFC2-460D-9143-C17F130839F4} = {F1E3FCDB-C65D-4538-90A3-B1B0D61F232A}
		{48CBCB16-EC21-4593-924A-7AE642720965} = {C5F2CADC-7ED0-41FB-87CB-AF7D805A3C75}
		{689A5F65-D060-47C4-A589-5BBD8AB567C2} = {D519EE21-C032-4B54-8624-F6867795CA31}
	EndGlobalSection
	GlobalSection(ProjectConfigurationPlatforms) = postSolution
		{E2734A5B-772E-4D48-95F9-EBA47D8AEE73}.Debug|Any CPU.ActiveCfg = Debug|Any CPU
		{E2734A5B-772E-4D48-95F9-EBA47D8AEE73}.Debug|Any CPU.Build.0 = Debug|Any CPU
		{E2734A5B-772E-4D48-95F9-EBA47D8AEE73}.Release|Any CPU.ActiveCfg = Release|Any CPU
		{E2734A5B-772E-4D48-95F9-EBA47D8AEE73}.Release|Any CPU.Build.0 = Release|Any CPU
		{947CEF07-4079-42BD-A817-683AA04F0D5C}.Debug|Any CPU.ActiveCfg = Debug|Any CPU
		{947CEF07-4079-42BD-A817-683AA04F0D5C}.Debug|Any CPU.Build.0 = Debug|Any CPU
		{947CEF07-4079-42BD-A817-683AA04F0D5C}.Release|Any CPU.ActiveCfg = Release|Any CPU
		{947CEF07-4079-42BD-A817-683AA04F0D5C}.Release|Any CPU.Build.0 = Release|Any CPU
		{4C72ED4C-F6D1-42EB-BD98-6261C1BD9F12}.Debug|Any CPU.ActiveCfg = Debug|Any CPU
		{4C72ED4C-F6D1-42EB-BD98-6261C1BD9F12}.Debug|Any CPU.Build.0 = Debug|Any CPU
		{4C72ED4C-F6D1-42EB-BD98-6261C1BD9F12}.Release|Any CPU.ActiveCfg = Release|Any CPU
		{4C72ED4C-F6D1-42EB-BD98-6261C1BD9F12}.Release|Any CPU.Build.0 = Release|Any CPU
		{C9878580-4F56-4375-901F-64767B78C248}.Debug|Any CPU.ActiveCfg = Debug|Any CPU
		{C9878580-4F56-4375-901F-64767B78C248}.Debug|Any CPU.Build.0 = Debug|Any CPU
		{C9878580-4F56-4375-901F-64767B78C248}.Release|Any CPU.ActiveCfg = Release|Any CPU
		{C9878580-4F56-4375-901F-64767B78C248}.Release|Any CPU.Build.0 = Release|Any CPU
		{666D671C-BFC2-460D-9143-C17F130839F4}.Debug|Any CPU.ActiveCfg = Debug|Any CPU
		{666D671C-BFC2-460D-9143-C17F130839F4}.Debug|Any CPU.Build.0 = Debug|Any CPU
		{666D671C-BFC2-460D-9143-C17F130839F4}.Release|Any CPU.ActiveCfg = Release|Any CPU
		{666D671C-BFC2-460D-9143-C17F130839F4}.Release|Any CPU.Build.0 = Release|Any CPU
		{48CBCB16-EC21-4593-924A-7AE642720965}.Debug|Any CPU.ActiveCfg = Debug|Any CPU
		{48CBCB16-EC21-4593-924A-7AE642720965}.Debug|Any CPU.Build.0 = Debug|Any CPU
		{48CBCB16-EC21-4593-924A-7AE642720965}.Release|Any CPU.ActiveCfg = Release|Any CPU
		{48CBCB16-EC21-4593-924A-7AE642720965}.Release|Any CPU.Build.0 = Release|Any CPU
		{689A5F65-D060-47C4-A589-5BBD8AB567C2}.Debug|Any CPU.ActiveCfg = Debug|Any CPU
		{689A5F65-D060-47C4-A589-5BBD8AB567C2}.Debug|Any CPU.Build.0 = Debug|Any CPU
		{689A5F65-D060-47C4-A589-5BBD8AB567C2}.Release|Any CPU.ActiveCfg = Release|Any CPU
		{689A5F65-D060-47C4-A589-5BBD8AB567C2}.Release|Any CPU.Build.0 = Release|Any CPU
	EndGlobalSection
EndGlobal
